{
  "originHash" : "9e512b0f88f20ca6c6a7ca83f7373367602e7e69a341855432f435b470db7383",
  "pins" : [
    {
      "identity" : "swiftlintplugins",
      "kind" : "remoteSourceControl",
      "location" : "https://github.com/SimplyDanny/SwiftLintPlugins",
      "state" : {
        "revision" : "3292bab28e6e92000161348003fdef8edc4e582d",
        "version" : "0.65.0"
      }
    }
  ],
  "version" : 3
}
